
Microsoft Visual Studio Solution File, Format Version 12.00
# Visual Studio 14
VisualStudioVersion = 14.0.24720.0
MinimumVisualStudioVersion = 10.0.40219.1
Project("{8BC9CEB8-8B4A-11D0-8D11-00A0C91BC942}") = "Qbic", "Qbic\Qbic.vcxproj", "{28D81514-A65B-404F-A8DD-720902515BCB}"
EndProject
Project("{8BC9CEB8-8B4A-11D0-8D11-00A0C91BC942}") = "Test", "Test\Test.vcxproj", "{C1046F36-8DF9-44F1-825B-D5E976A60246}"
EndProject
Global
	GlobalSection(SolutionConfigurationPlatforms) = preSolution
		Debug|x64 = Debug|x64
		Debug|x86 = Debug|x86
		Release|x64 = Release|x64
		Release|x86 = Release|x86
	EndGlobalSection
	GlobalSection(ProjectConfigurationPlatforms) = postSolution
		{28D81514-A65B-404F-A8DD-720902515BCB}.Debug|x64.ActiveCfg = Debug|x64
		{28D81514-A65B-404F-A8DD-720902515BCB}.Debug|x64.Build.0 = Debug|x64
		{28D81514-A65B-404F-A8DD-720902515BCB}.Debug|x86.ActiveCfg = Debug|Win32
		{28D81514-A65B-404F-A8DD-720902515BCB}.Debug|x86.Build.0 = Debug|Win32
		{28D81514-A65B-404F-A8DD-720902515BCB}.Release|x64.ActiveCfg = Release|x64
		{28D81514-A65B-404F-A8DD-720902515BCB}.Release|x64.Build.0 = Release|x64
		{28D81514-A65B-404F-A8DD-720902515BCB}.Release|x86.ActiveCfg = Release|Win32
		{28D81514-A65B-404F-A8DD-720902515BCB}.Release|x86.Build.0 = Release|Win32
		{C1046F36-8DF9-44F1-825B-D5E976A60246}.Debug|x64.ActiveCfg = Debug|x64
		{C1046F36-8DF9-44F1-825B-D5E976A60246}.Debug|x64.Build.0 = Debug|x64
		{C1046F36-8DF9-44F1-825B-D5E976A60246}.Debug|x86.ActiveCfg = Debug|Win32
		{C1046F36-8DF9-44F1-825B-D5E976A60246}.Debug|x86.Build.0 = Debug|Win32
		{C1046F36-8DF9-44F1-825B-D5E976A60246}.Release|x64.ActiveCfg = Release|x64
		{C1046F36-8DF9-44F1-825B-D5E976A60246}.Release|x64.Build.0 = Release|x64
		{C1046F36-8DF9-44F1-825B-D5E976A60246}.Release|x86.ActiveCfg = Release|Win32
		{C1046F36-8DF9-44F1-825B-D5E976A60246}.Release|x86.Build.0 = Release|Win32
	EndGlobalSection
	GlobalSection(SolutionProperties) = preSolution
		HideSolutionNode = FALSE
	EndGlobalSection
EndGlobal
